// !$*UTF8*$!
{
	archiveVersion = 1;
	classes = {
	};
	objectVersion = 55;
	objects = {

/* Begin PBXBuildFile section */
		B74499B427F41FBA00205D25 /* AppDelegate.swift in Sources */ = {isa = PBXBuildFile; fileRef = B74499B327F41FBA00205D25 /* AppDelegate.swift */; };
		B74499B627F41FBA00205D25 /* SceneDelegate.swift in Sources */ = {isa = PBXBuildFile; fileRef = B74499B527F41FBA00205D25 /* SceneDelegate.swift */; };
		B74499BE27F41FBA00205D25 /* Viper.xcdatamodeld in Sources */ = {isa = PBXBuildFile; fileRef = B74499BC27F41FBA00205D25 /* Viper.xcdatamodeld */; };
		B74499C027F41FBB00205D25 /* Assets.xcassets in Resources */ = {isa = PBXBuildFile; fileRef = B74499BF27F41FBB00205D25 /* Assets.xcassets */; };
		B74499C327F41FBB00205D25 /* LaunchScreen.storyboard in Resources */ = {isa = PBXBuildFile; fileRef = B74499C127F41FBB00205D25 /* LaunchScreen.storyboard */; };
		B74499CC27F41FD200205D25 /* UserView.swift in Sources */ = {isa = PBXBuildFile; fileRef = B74499CB27F41FD200205D25 /* UserView.swift */; };
		B74499CE27F41FDC00205D25 /* UserInteractor.swift in Sources */ = {isa = PBXBuildFile; fileRef = B74499CD27F41FDC00205D25 /* UserInteractor.swift */; };
		B74499D027F41FE200205D25 /* UserPresenter.swift in Sources */ = {isa = PBXBuildFile; fileRef = B74499CF27F41FE200205D25 /* UserPresenter.swift */; };
		B74499D227F41FE900205D25 /* UserEntity.swift in Sources */ = {isa = PBXBuildFile; fileRef = B74499D127F41FE900205D25 /* UserEntity.swift */; };
		B74499D427F41FF300205D25 /* UserRouter.swift in Sources */ = {isa = PBXBuildFile; fileRef = B74499D327F41FF300205D25 /* UserRouter.swift */; };
		B74499D727F4830B00205D25 /* UserDetailView.swift in Sources */ = {isa = PBXBuildFile; fileRef = B74499D627F4830B00205D25 /* UserDetailView.swift */; };
		B74499D927F4831B00205D25 /* UserDetailInteractor.swift in Sources */ = {isa = PBXBuildFile; fileRef = B74499D827F4831B00205D25 /* UserDetailInteractor.swift */; };
		B74499DB27F4832300205D25 /* UserDetailPresenter.swift in Sources */ = {isa = PBXBuildFile; fileRef = B74499DA27F4832300205D25 /* UserDetailPresenter.swift */; };
		B74499DD27F4832C00205D25 /* UserDetailEntity.swift in Sources */ = {isa = PBXBuildFile; fileRef = B74499DC27F4832C00205D25 /* UserDetailEntity.swift */; };
		B74499DF27F4833600205D25 /* UserDetailRouter.swift in Sources */ = {isa = PBXBuildFile; fileRef = B74499DE27F4833600205D25 /* UserDetailRouter.swift */; };
		B74499E227F4844A00205D25 /* UserView+UITableView.swift in Sources */ = {isa = PBXBuildFile; fileRef = B74499E127F4844A00205D25 /* UserView+UITableView.swift */; };
/* End PBXBuildFile section */

/* Begin PBXFileReference section */
		B74499B027F41FBA00205D25 /* Viper.app */ = {isa = PBXFileReference; explicitFileType = wrapper.application; includeInIndex = 0; path = Viper.app; sourceTree = BUILT_PRODUCTS_DIR; };
		B74499B327F41FBA00205D25 /* AppDelegate.swift */ = {isa = PBXFileReference; lastKnownFileType = sourcecode.swift; path = AppDelegate.swift; sourceTree = "<group>"; };
		B74499B527F41FBA00205D25 /* SceneDelegate.swift */ = {isa = PBXFileReference; lastKnownFileType = sourcecode.swift; path = SceneDelegate.swift; sourceTree = "<group>"; };
		B74499BD27F41FBA00205D25 /* Viper.xcdatamodel */ = {isa = PBXFileReference; lastKnownFileType = wrapper.xcdatamodel; path = Viper.xcdatamodel; sourceTree = "<group>"; };
		B74499BF27F41FBB00205D25 /* Assets.xcassets */ = {isa = PBXFileReference; lastKnownFileType = folder.assetcatalog; path = Assets.xcassets; sourceTree = "<group>"; };
		B74499C227F41FBB00205D25 /* Base */ = {isa = PBXFileReference; lastKnownFileType = file.storyboard; name = Base; path = Base.lproj/LaunchScreen.storyboard; sourceTree = "<group>"; };
		B74499C427F41FBB00205D25 /* Info.plist */ = {isa = PBXFileReference; lastKnownFileType = text.plist.xml; path = Info.plist; sourceTree = "<group>"; };
		B74499CB27F41FD200205D25 /* UserView.swift */ = {isa = PBXFileReference; lastKnownFileType = sourcecode.swift; path = UserView.swift; sourceTree = "<group>"; };
		B74499CD27F41FDC00205D25 /* UserInteractor.swift */ = {isa = PBXFileReference; lastKnownFileType = sourcecode.swift; path = UserInteractor.swift; sourceTree = "<group>"; };
		B74499CF27F41FE200205D25 /* UserPresenter.swift */ = {isa = PBXFileReference; lastKnownFileType = sourcecode.swift; path = UserPresenter.swift; sourceTree = "<group>"; };
		B74499D127F41FE900205D25 /* UserEntity.swift */ = {isa = PBXFileReference; lastKnownFileType = sourcecode.swift; path = UserEntity.swift; sourceTree = "<group>"; };
		B74499D327F41FF300205D25 /* UserRouter.swift */ = {isa = PBXFileReference; lastKnownFileType = sourcecode.swift; path = UserRouter.swift; sourceTree = "<group>"; };
		B74499D627F4830B00205D25 /* UserDetailView.swift */ = {isa = PBXFileReference; lastKnownFileType = sourcecode.swift; path = UserDetailView.swift; sourceTree = "<group>"; };
		B74499D827F4831B00205D25 /* UserDetailInteractor.swift */ = {isa = PBXFileReference; lastKnownFileType = sourcecode.swift; path = UserDetailInteractor.swift; sourceTree = "<group>"; };
		B74499DA27F4832300205D25 /* UserDetailPresenter.swift */ = {isa = PBXFileReference; lastKnownFileType = sourcecode.swift; path = UserDetailPresenter.swift; sourceTree = "<group>"; };
		B74499DC27F4832C00205D25 /* UserDetailEntity.swift */ = {isa = PBXFileReference; lastKnownFileType = sourcecode.swift; path = UserDetailEntity.swift; sourceTree = "<group>"; };
		B74499DE27F4833600205D25 /* UserDetailRouter.swift */ = {isa = PBXFileReference; lastKnownFileType = sourcecode.swift; path = UserDetailRouter.swift; sourceTree = "<group>"; };
		B74499E127F4844A00205D25 /* UserView+UITableView.swift */ = {isa = PBXFileReference; lastKnownFileType = sourcecode.swift; path = "UserView+UITableView.swift"; sourceTree = "<group>"; };
/* End PBXFileReference section */

/* Begin PBXFrameworksBuildPhase section */
		B74499AD27F41FBA00205D25 /* Frameworks */ = {
			isa = PBXFrameworksBuildPhase;
			buildActionMask = 2147483647;
			files = (
			);
			runOnlyForDeploymentPostprocessing = 0;
		};
/* End PBXFrameworksBuildPhase section */

/* Begin PBXGroup section */
		B74499A727F41FBA00205D25 = {
			isa = PBXGroup;
			children = (
				B74499B227F41FBA00205D25 /* Viper */,
				B74499B127F41FBA00205D25 /* Products */,
			);
			sourceTree = "<group>";
		};
		B74499B127F41FBA00205D25 /* Products */ = {
			isa = PBXGroup;
			children = (
				B74499B027F41FBA00205D25 /* Viper.app */,
			);
			name = Products;
			sourceTree = "<group>";
		};
		B74499B227F41FBA00205D25 /* Viper */ = {
			isa = PBXGroup;
			children = (
				B74499D527F482F400205D25 /* UserDetail */,
				B74499CA27F41FC800205D25 /* User */,
				B74499B327F41FBA00205D25 /* AppDelegate.swift */,
				B74499B527F41FBA00205D25 /* SceneDelegate.swift */,
				B74499BF27F41FBB00205D25 /* Assets.xcassets */,
				B74499C127F41FBB00205D25 /* LaunchScreen.storyboard */,
				B74499C427F41FBB00205D25 /* Info.plist */,
				B74499BC27F41FBA00205D25 /* Viper.xcdatamodeld */,
			);
			path = Viper;
			sourceTree = "<group>";
		};
		B74499CA27F41FC800205D25 /* User */ = {
			isa = PBXGroup;
			children = (
				B74499E027F483E600205D25 /* View */,
				B74499CD27F41FDC00205D25 /* UserInteractor.swift */,
				B74499CF27F41FE200205D25 /* UserPresenter.swift */,
				B74499D127F41FE900205D25 /* UserEntity.swift */,
				B74499D327F41FF300205D25 /* UserRouter.swift */,
			);
			path = User;
			sourceTree = "<group>";
		};
		B74499D527F482F400205D25 /* UserDetail */ = {
			isa = PBXGroup;
			children = (
				B74499D627F4830B00205D25 /* UserDetailView.swift */,
				B74499D827F4831B00205D25 /* UserDetailInteractor.swift */,
				B74499DA27F4832300205D25 /* UserDetailPresenter.swift */,
				B74499DC27F4832C00205D25 /* UserDetailEntity.swift */,
				B74499DE27F4833600205D25 /* UserDetailRouter.swift */,
			);
			path = UserDetail;
			sourceTree = "<group>";
		};
		B74499E027F483E600205D25 /* View */ = {
			isa = PBXGroup;
			children = (
				B74499CB27F41FD200205D25 /* UserView.swift */,
				B74499E127F4844A00205D25 /* UserView+UITableView.swift */,
			);
			path = View;
			sourceTree = "<group>";
		};
/* End PBXGroup section */

/* Begin PBXNativeTarget section */
		B74499AF27F41FBA00205D25 /* Viper */ = {
			isa = PBXNativeTarget;
			buildConfigurationList = B74499C727F41FBB00205D25 /* Build configuration list for PBXNativeTarget "Viper" */;
			buildPhases = (
				B74499AC27F41FBA00205D25 /* Sources */,
				B74499AD27F41FBA00205D25 /* Frameworks */,
				B74499AE27F41FBA00205D25 /* Resources */,
			);
			buildRules = (
			);
			dependencies = (
			);
			name = Viper;
			productName = Viper;
			productReference = B74499B027F41FBA00205D25 /* Viper.app */;
			productType = "com.apple.product-type.application";
		};
/* End PBXNativeTarget section */

/* Begin PBXProject section */
		B74499A827F41FBA00205D25 /* Project object */ = {
			isa = PBXProject;
			attributes = {
				BuildIndependentTargetsInParallel = 1;
				LastSwiftUpdateCheck = 1330;
				LastUpgradeCheck = 1330;
				TargetAttributes = {
					B74499AF27F41FBA00205D25 = {
						CreatedOnToolsVersion = 13.3;
					};
				};
			};
			buildConfigurationList = B74499AB27F41FBA00205D25 /* Build configuration list for PBXProject "Viper" */;
			compatibilityVersion = "Xcode 13.0";
			developmentRegion = en;
			hasScannedForEncodings = 0;
			knownRegions = (
				en,
				Base,
			);
			mainGroup = B74499A727F41FBA00205D25;
			productRefGroup = B74499B127F41FBA00205D25 /* Products */;
			projectDirPath = "";
			projectRoot = "";
			targets = (
				B74499AF27F41FBA00205D25 /* Viper */,
			);
		};
/* End PBXProject section */

/* Begin PBXResourcesBuildPhase section */
		B74499AE27F41FBA00205D25 /* Resources */ = {
			isa = PBXResourcesBuildPhase;
			buildActionMask = 2147483647;
			files = (
				B74499C327F41FBB00205D25 /* LaunchScreen.storyboard in Resources */,
				B74499C027F41FBB00205D25 /* Assets.xcassets in Resources */,
			);
			runOnlyForDeploymentPostprocessing = 0;
		};
/* End PBXResourcesBuildPhase section */

/* Begin PBXSourcesBuildPhase section */
		B74499AC27F41FBA00205D25 /* Sources */ = {
			isa = PBXSourcesBuildPhase;
			buildActionMask = 2147483647;
			files = (
				B74499CE27F41FDC00205D25 /* UserInteractor.swift in Sources */,
				B74499D027F41FE200205D25 /* UserPresenter.swift in Sources */,
				B74499BE27F41FBA00205D25 /* Viper.xcdatamodeld in Sources */,
				B74499D427F41FF300205D25 /* UserRouter.swift in Sources */,
				B74499DB27F4832300205D25 /* UserDetailPresenter.swift in Sources */,
				B74499E227F4844A00205D25 /* UserView+UITableView.swift in Sources */,
				B74499D927F4831B00205D25 /* UserDetailInteractor.swift in Sources */,
				B74499D727F4830B00205D25 /* UserDetailView.swift in Sources */,
				B74499DF27F4833600205D25 /* UserDetailRouter.swift in Sources */,
				B74499D227F41FE900205D25 /* UserEntity.swift in Sources */,
				B74499DD27F4832C00205D25 /* UserDetailEntity.swift in Sources */,
				B74499CC27F41FD200205D25 /* UserView.swift in Sources */,
				B74499B427F41FBA00205D25 /* AppDelegate.swift in Sources */,
				B74499B627F41FBA00205D25 /* SceneDelegate.swift in Sources */,
			);
			runOnlyForDeploymentPostprocessing = 0;
		};
/* End PBXSourcesBuildPhase section */

/* Begin PBXVariantGroup section */
		B74499C127F41FBB00205D25 /* LaunchScreen.storyboard */ = {
			isa = PBXVariantGroup;
			children = (
				B74499C227F41FBB00205D25 /* Base */,
			);
			name = LaunchScreen.storyboard;
			sourceTree = "<group>";
		};
/* End PBXVariantGroup section */

/* Begin XCBuildConfiguration section */
		B74499C527F41FBB00205D25 /* Debug */ = {
			isa = XCBuildConfiguration;
			buildSettings = {
				ALWAYS_SEARCH_USER_PATHS = NO;
				CLANG_ANALYZER_NONNULL = YES;
				CLANG_ANALYZER_NUMBER_OBJECT_CONVERSION = YES_AGGRESSIVE;
				CLANG_CXX_LANGUAGE_STANDARD = "gnu++17";
				CLANG_ENABLE_MODULES = YES;
				CLANG_ENABLE_OBJC_ARC = YES;
				CLANG_ENABLE_OBJC_WEAK = YES;
				CLANG_WARN_BLOCK_CAPTURE_AUTORELEASING = YES;
				CLANG_WARN_BOOL_CONVERSION = YES;
				CLANG_WARN_COMMA = YES;
				CLANG_WARN_CONSTANT_CONVERSION = YES;
				CLANG_WARN_DEPRECATED_OBJC_IMPLEMENTATIONS = YES;
				CLANG_WARN_DIRECT_OBJC_ISA_USAGE = YES_ERROR;
				CLANG_WARN_DOCUMENTATION_COMMENTS = YES;
				CLANG_WARN_EMPTY_BODY = YES;
				CLANG_WARN_ENUM_CONVERSION = YES;
				CLANG_WARN_INFINITE_RECURSION = YES;
				CLANG_WARN_INT_CONVERSION = YES;
				CLANG_WARN_NON_LITERAL_NULL_CONVERSION = YES;
				CLANG_WARN_OBJC_IMPLICIT_RETAIN_SELF = YES;
				CLANG_WARN_OBJC_LITERAL_CONVERSION = YES;
				CLANG_WARN_OBJC_ROOT_CLASS = YES_ERROR;
				CLANG_WARN_QUOTED_INCLUDE_IN_FRAMEWORK_HEADER = YES;
				CLANG_WARN_RANGE_LOOP_ANALYSIS = YES;
				CLANG_WARN_STRICT_PROTOTYPES = YES;
				CLANG_WARN_SUSPICIOUS_MOVE = YES;
				CLANG_WARN_UNGUARDED_AVAILABILITY = YES_AGGRESSIVE;
				CLANG_WARN_UNREACHABLE_CODE = YES;
				CLANG_WARN__DUPLICATE_METHOD_MATCH = YES;
				COPY_PHASE_STRIP = NO;
				DEBUG_INFORMATION_FORMAT = dwarf;
				ENABLE_STRICT_OBJC_MSGSEND = YES;
				ENABLE_TESTABILITY = YES;
				GCC_C_LANGUAGE_STANDARD = gnu11;
				GCC_DYNAMIC_NO_PIC = NO;
				GCC_NO_COMMON_BLOCKS = YES;
				GCC_OPTIMIZATION_LEVEL = 0;
				GCC_PREPROCESSOR_DEFINITIONS = (
					"DEBUG=1",
					"$(inherited)",
				);
				GCC_WARN_64_TO_32_BIT_CONVERSION = YES;
				GCC_WARN_ABOUT_RETURN_TYPE = YES_ERROR;
				GCC_WARN_UNDECLARED_SELECTOR = YES;
				GCC_WARN_UNINITIALIZED_AUTOS = YES_AGGRESSIVE;
				GCC_WARN_UNUSED_FUNCTION = YES;
				GCC_WARN_UNUSED_VARIABLE = YES;
				IPHONEOS_DEPLOYMENT_TARGET = 15.4;
				MTL_ENABLE_DEBUG_INFO = INCLUDE_SOURCE;
				MTL_FAST_MATH = YES;
				ONLY_ACTIVE_ARCH = YES;
				SDKROOT = iphoneos;
				SWIFT_ACTIVE_COMPILATION_CONDITIONS = DEBUG;
				SWIFT_OPTIMIZATION_LEVEL = "-Onone";
			};
			name = Debug;
		};
		B74499C627F41FBB00205D25 /* Release */ = {
			isa = XCBuildConfiguration;
			buildSettings = {
				ALWAYS_SEARCH_USER_PATHS = NO;
				CLANG_ANALYZER_NONNULL = YES;
				CLANG_ANALYZER_NUMBER_OBJECT_CONVERSION = YES_AGGRESSIVE;
				CLANG_CXX_LANGUAGE_STANDARD = "gnu++17";
				CLANG_ENABLE_MODULES = YES;
				CLANG_ENABLE_OBJC_ARC = YES;
				CLANG_ENABLE_OBJC_WEAK = YES;
				CLANG_WARN_BLOCK_CAPTURE_AUTORELEASING = YES;
				CLANG_WARN_BOOL_CONVERSION = YES;
				CLANG_WARN_COMMA = YES;
				CLANG_WARN_CONSTANT_CONVERSION = YES;
				CLANG_WARN_DEPRECATED_OBJC_IMPLEMENTATIONS = YES;
				CLANG_WARN_DIRECT_OBJC_ISA_USAGE = YES_ERROR;
				CLANG_WARN_DOCUMENTATION_COMMENTS = YES;
				CLANG_WARN_EMPTY_BODY = YES;
				CLANG_WARN_ENUM_CONVERSION = YES;
				CLANG_WARN_INFINITE_RECURSION = YES;
				CLANG_WARN_INT_CONVERSION = YES;
				CLANG_WARN_NON_LITERAL_NULL_CONVERSION = YES;
				CLANG_WARN_OBJC_IMPLICIT_RETAIN_SELF = YES;
				CLANG_WARN_OBJC_LITERAL_CONVERSION = YES;
				CLANG_WARN_OBJC_ROOT_CLASS = YES_ERROR;
				CLANG_WARN_QUOTED_INCLUDE_IN_FRAMEWORK_HEADER = YES;
				CLANG_WARN_RANGE_LOOP_ANALYSIS = YES;
				CLANG_WARN_STRICT_PROTOTYPES = YES;
				CLANG_WARN_SUSPICIOUS_MOVE = YES;
				CLANG_WARN_UNGUARDED_AVAILABILITY = YES_AGGRESSIVE;
				CLANG_WARN_UNREACHABLE_CODE = YES;
				CLANG_WARN__DUPLICATE_METHOD_MATCH = YES;
				COPY_PHASE_STRIP = NO;
				DEBUG_INFORMATION_FORMAT = "dwarf-with-dsym";
				ENABLE_NS_ASSERTIONS = NO;
				ENABLE_STRICT_OBJC_MSGSEND = YES;
				GCC_C_LANGUAGE_STANDARD = gnu11;
				GCC_NO_COMMON_BLOCKS = YES;
				GCC_WARN_64_TO_32_BIT_CONVERSION = YES;
				GCC_WARN_ABOUT_RETURN_TYPE = YES_ERROR;
				GCC_WARN_UNDECLARED_SELECTOR = YES;
				GCC_WARN_UNINITIALIZED_AUTOS = YES_AGGRESSIVE;
				GCC_WARN_UNUSED_FUNCTION = YES;
				GCC_WARN_UNUSED_VARIABLE = YES;
				IPHONEOS_DEPLOYMENT_TARGET = 15.4;
				MTL_ENABLE_DEBUG_INFO = NO;
				MTL_FAST_MATH = YES;
				SDKROOT = iphoneos;
				SWIFT_COMPILATION_MODE = wholemodule;
				SWIFT_OPTIMIZATION_LEVEL = "-O";
				VALIDATE_PRODUCT = YES;
			};
			name = Release;
		};
		B74499C827F41FBB00205D25 /* Debug */ = {
			isa = XCBuildConfiguration;
			buildSettings = {
				ASSETCATALOG_COMPILER_APPICON_NAME = AppIcon;
				ASSETCATALOG_COMPILER_GLOBAL_ACCENT_COLOR_NAME = AccentColor;
				CODE_SIGN_STYLE = Automatic;
				CURRENT_PROJECT_VERSION = 1;
				DEVELOPMENT_TEAM = X843D4L2C2;
				GENERATE_INFOPLIST_FILE = YES;
				INFOPLIST_FILE = Viper/Info.plist;
				INFOPLIST_KEY_UIApplicationSupportsIndirectInputEvents = YES;
				INFOPLIST_KEY_UILaunchStoryboardName = LaunchScreen;
				INFOPLIST_KEY_UISupportedInterfaceOrientations_iPad = "UIInterfaceOrientationPortrait UIInterfaceOrientationPortraitUpsideDown UIInterfaceOrientationLandscapeLeft UIInterfaceOrientationLandscapeRight";
				INFOPLIST_KEY_UISupportedInterfaceOrientations_iPhone = "UIInterfaceOrientationPortrait UIInterfaceOrientationLandscapeLeft UIInterfaceOrientationLandscapeRight";
				LD_RUNPATH_SEARCH_PATHS = (
					"$(inherited)",
					"@executable_path/Frameworks",
				);
				MARKETING_VERSION = 1.0;
				PRODUCT_BUNDLE_IDENTIFIER = com.judongseok.Viper;
				PRODUCT_NAME = "$(TARGET_NAME)";
				SWIFT_EMIT_LOC_STRINGS = YES;
				SWIFT_VERSION = 5.0;
				TARGETED_DEVICE_FAMILY = "1,2";
			};
			name = Debug;
		};
		B74499C927F41FBB00205D25 /* Release */ = {
			isa = XCBuildConfiguration;
			buildSettings = {
				ASSETCATALOG_COMPILER_APPICON_NAME = AppIcon;
				ASSETCATALOG_COMPILER_GLOBAL_ACCENT_COLOR_NAME = AccentColor;
				CODE_SIGN_STYLE = Automatic;
				CURRENT_PROJECT_VERSION = 1;
				DEVELOPMENT_TEAM = X843D4L2C2;
				GENERATE_INFOPLIST_FILE = YES;
				INFOPLIST_FILE = Viper/Info.plist;
				INFOPLIST_KEY_UIApplicationSupportsIndirectInputEvents = YES;
				INFOPLIST_KEY_UILaunchStoryboardName = LaunchScreen;
				INFOPLIST_KEY_UISupportedInterfaceOrientations_iPad = "UIInterfaceOrientationPortrait UIInterfaceOrientationPortraitUpsideDown UIInterfaceOrientationLandscapeLeft UIInterfaceOrientationLandscapeRight";
				INFOPLIST_KEY_UISupportedInterfaceOrientations_iPhone = "UIInterfaceOrientationPortrait UIInterfaceOrientationLandscapeLeft UIInterfaceOrientationLandscapeRight";
				LD_RUNPATH_SEARCH_PATHS = (
					"$(inherited)",
					"@executable_path/Frameworks",
				);
				MARKETING_VERSION = 1.0;
				PRODUCT_BUNDLE_IDENTIFIER = com.judongseok.Viper;
				PRODUCT_NAME = "$(TARGET_NAME)";
				SWIFT_EMIT_LOC_STRINGS = YES;
				SWIFT_VERSION = 5.0;
				TARGETED_DEVICE_FAMILY = "1,2";
			};
			name = Release;
		};
/* End XCBuildConfiguration section */

/* Begin XCConfigurationList section */
		B74499AB27F41FBA00205D25 /* Build configuration list for PBXProject "Viper" */ = {
			isa = XCConfigurationList;
			buildConfigurations = (
				B74499C527F41FBB00205D25 /* Debug */,
				B74499C627F41FBB00205D25 /* Release */,
			);
			defaultConfigurationIsVisible = 0;
			defaultConfigurationName = Release;
		};
		B74499C727F41FBB00205D25 /* Build configuration list for PBXNativeTarget "Viper" */ = {
			isa = XCConfigurationList;
			buildConfigurations = (
				B74499C827F41FBB00205D25 /* Debug */,
				B74499C927F41FBB00205D25 /* Release */,
			);
			defaultConfigurationIsVisible = 0;
			defaultConfigurationName = Release;
		};
/* End XCConfigurationList section */

/* Begin XCVersionGroup section */
		B74499BC27F41FBA00205D25 /* Viper.xcdatamodeld */ = {
			isa = XCVersionGroup;
			children = (
				B74499BD27F41FBA00205D25 /* Viper.xcdatamodel */,
			);
			currentVersion = B74499BD27F41FBA00205D25 /* Viper.xcdatamodel */;
			path = Viper.xcdatamodeld;
			sourceTree = "<group>";
			versionGroupType = wrapper.xcdatamodel;
		};
/* End XCVersionGroup section */
	};
	rootObject = B74499A827F41FBA00205D25 /* Project object */;
}
